
Microsoft Visual Studio Solution File, Format Version 12.00
# Visual Studio Version 16
VisualStudioVersion = 16.0.808.7
MinimumVisualStudioVersion = 10.0.40219.1
Project("{FAE04EC0-301F-11D3-BF4B-00C04F79EFBC}") = "AzureServiceBusSender", "AzureServiceBus\AzureServiceBusSender.csproj", "{F5B34A2D-0111-4817-B0BE-C72FAB341650}"
EndProject
Project("{FAE04EC0-301F-11D3-BF4B-00C04F79EFBC}") = "AzureServiceBusReceiver", "AzureServiceBusReceiver\AzureServiceBusReceiver.csproj", "{B67FA7DB-5E03-4121-A595-92071C0CFC65}"
EndProject
Global
	GlobalSection(SolutionConfigurationPlatforms) = preSolution
		Debug|Any CPU = Debug|Any CPU
		Release|Any CPU = Release|Any CPU
	EndGlobalSection
	GlobalSection(ProjectConfigurationPlatforms) = postSolution
		{F5B34A2D-0111-4817-B0BE-C72FAB341650}.Debug|Any CPU.ActiveCfg = Debug|Any CPU
		{F5B34A2D-0111-4817-B0BE-C72FAB341650}.Debug|Any CPU.Build.0 = Debug|Any CPU
		{F5B34A2D-0111-4817-B0BE-C72FAB341650}.Release|Any CPU.ActiveCfg = Release|Any CPU
		{F5B34A2D-0111-4817-B0BE-C72FAB341650}.Release|Any CPU.Build.0 = Release|Any CPU
		{B67FA7DB-5E03-4121-A595-92071C0CFC65}.Debug|Any CPU.ActiveCfg = Debug|Any CPU
		{B67FA7DB-5E03-4121-A595-92071C0CFC65}.Debug|Any CPU.Build.0 = Debug|Any CPU
		{B67FA7DB-5E03-4121-A595-92071C0CFC65}.Release|Any CPU.ActiveCfg = Release|Any CPU
		{B67FA7DB-5E03-4121-A595-92071C0CFC65}.Release|Any CPU.Build.0 = Release|Any CPU
	EndGlobalSection
	GlobalSection(SolutionProperties) = preSolution
		HideSolutionNode = FALSE
	EndGlobalSection
	GlobalSection(ExtensibilityGlobals) = postSolution
		SolutionGuid = {506C9738-420E-4EBE-B608-F38EC012CF19}
	EndGlobalSection
EndGlobal
